
Microsoft Visual Studio Solution File, Format Version 11.00
# Visual Studio 2010
Project("{2150E333-8FDC-42A3-9474-1A3956D46DE8}") = "Solution Items", "Solution Items", "{ADAA978D-4D34-42B8-BDEB-FD496D17DA52}"
	ProjectSection(SolutionItems) = preProject
		ClearBuildingObjects.bat = ClearBuildingObjects.bat
		localtestrun.testrunconfig = localtestrun.testrunconfig
		MsBuild.bat = MsBuild.bat
		nbear.snk = nbear.snk
		NBearV3.vsmdi = NBearV3.vsmdi
		update_version_prefix.vbs = update_version_prefix.vbs
		version.txt = version.txt
	EndProjectSection
EndProject
Project("{2150E333-8FDC-42A3-9474-1A3956D46DE8}") = "Tests", "Tests", "{6360A141-8756-4D46-83DF-7067E7E42902}"
EndProject
Project("{2150E333-8FDC-42A3-9474-1A3956D46DE8}") = "Common", "Common", "{7E567BC8-8C2E-40F9-A065-27EB14B28C61}"
EndProject
Project("{2150E333-8FDC-42A3-9474-1A3956D46DE8}") = "Data", "Data", "{26ACD87C-5D1D-4D93-9A1F-E58C9DB3E50A}"
EndProject
Project("{2150E333-8FDC-42A3-9474-1A3956D46DE8}") = "Service", "Service", "{0E7215C7-5768-4C6F-B35E-BC50A6BDA692}"
EndProject
Project("{2150E333-8FDC-42A3-9474-1A3956D46DE8}") = "Tools", "Tools", "{3E321EB3-FB55-4776-8C4F-5B01B212670D}"
EndProject
Project("{2150E333-8FDC-42A3-9474-1A3956D46DE8}") = "Web", "Web", "{84CFDC06-145A-46FB-AB84-66CF403A0B7A}"
EndProject
Project("{FAE04EC0-301F-11D3-BF4B-00C04F79EFBC}") = "NBear.Common", "NBear.Common\NBear.Common.csproj", "{B8F80BEB-93A6-4966-842F-92E38E11082C}"
EndProject
Project("{FAE04EC0-301F-11D3-BF4B-00C04F79EFBC}") = "NBear.Data", "NBear.Data\NBear.Data.csproj", "{B71D2A5F-5E7D-4B16-B178-29DF6F7755C1}"
EndProject
Project("{FAE04EC0-301F-11D3-BF4B-00C04F79EFBC}") = "NBear.Test.UnitTests", "NBear.Test.UnitTests\NBear.Test.UnitTests.csproj", "{0B6B4550-5F72-4C85-842F-22AD6E2CEA69}"
EndProject
Project("{FAE04EC0-301F-11D3-BF4B-00C04F79EFBC}") = "NBear.Common.Design", "NBear.Common.Design\NBear.Common.Design.csproj", "{5E826E27-992C-46C9-830B-3B6A697C859C}"
EndProject
Project("{FAE04EC0-301F-11D3-BF4B-00C04F79EFBC}") = "NBear.Tools.DbToEntityDesign", "NBear.Tools.DbToEntityDesign\NBear.Tools.DbToEntityDesign.csproj", "{78E98463-EE12-4797-B9D1-7BDAF9BD215F}"
EndProject
Project("{FAE04EC0-301F-11D3-BF4B-00C04F79EFBC}") = "NBear.Net", "NBear.Net\NBear.Net.csproj", "{3B118A89-2F9E-4AA7-8B74-EC641603298A}"
EndProject
Project("{FAE04EC0-301F-11D3-BF4B-00C04F79EFBC}") = "NBear.IoC", "NBear.IoC\NBear.IoC.csproj", "{5D1574F6-0CF9-43CD-8A04-D0614125065A}"
EndProject
Project("{FAE04EC0-301F-11D3-BF4B-00C04F79EFBC}") = "NBear.IoC.Hosts.ServiceHost", "NBear.IoC.Hosts.ServiceHost\NBear.IoC.Hosts.ServiceHost.csproj", "{7018EC36-D675-48A3-BE1B-31154697E949}"
EndProject
Project("{FAE04EC0-301F-11D3-BF4B-00C04F79EFBC}") = "NBear.IoC.Servers.ServiceMQServer", "NBear.IoC.Servers.ServiceMQServer\NBear.IoC.Servers.ServiceMQServer.csproj", "{A377D541-E7BB-46F9-A453-3B68336DF1EA}"
EndProject
Project("{FAE04EC0-301F-11D3-BF4B-00C04F79EFBC}") = "NBear.Web", "NBear.Web\NBear.Web.csproj", "{836E1F12-C5B3-43AB-9117-9458A24BC888}"
EndProject
Project("{FAE04EC0-301F-11D3-BF4B-00C04F79EFBC}") = "NBear.Tools.EntityDesignToEntity", "NBear.Tools.EntityDesignToEntity\NBear.Tools.EntityDesignToEntity.csproj", "{6E342592-0A2D-42D1-A30F-EDF2A4C46B02}"
EndProject
Project("{FAE04EC0-301F-11D3-BF4B-00C04F79EFBC}") = "NBear.Tools.ConfigurationEncrypter", "NBear.Tools.ConfigurationEncrypter\NBear.Tools.ConfigurationEncrypter.csproj", "{BED3FF33-551C-47EE-B711-64CC9B3934B8}"
EndProject
Project("{FAE04EC0-301F-11D3-BF4B-00C04F79EFBC}") = "NBear.Tools.EntityDesignToEntityVsPlugin", "NBear.Tools.EntityDesignToEntityVsPlugin\NBear.Tools.EntityDesignToEntityVsPlugin.csproj", "{829C81BF-0868-4DA6-89D4-C9E32AB7C2AA}"
EndProject
Project("{FAE04EC0-301F-11D3-BF4B-00C04F79EFBC}") = "SetupNBearVsPlugin", "SetupNBearVsPlugin\SetupNBearVsPlugin.csproj", "{9BBA14BB-CC62-4CDD-8FB8-246CFBCEB5C8}"
EndProject
Project("{FAE04EC0-301F-11D3-BF4B-00C04F79EFBC}") = "NBear.Test.CaseTests", "NBear.Test.CaseTests\NBear.Test.CaseTests.csproj", "{4B486A5F-40BA-4D76-8738-0A9114C2EC67}"
EndProject
Project("{FAE04EC0-301F-11D3-BF4B-00C04F79EFBC}") = "NBear.MVP", "NBear.MVP\NBear.MVP.csproj", "{83AE9001-F2B0-4744-9E5E-780A8ED18E28}"
EndProject
Project("{FAE04EC0-301F-11D3-BF4B-00C04F79EFBC}") = "NBear.Web.Data", "NBear.Web.Data\NBear.Web.Data.csproj", "{B0D8E81B-21BC-444D-B671-A5712EEA9E5A}"
EndProject
Project("{FAE04EC0-301F-11D3-BF4B-00C04F79EFBC}") = "NBear.User", "NBear.User\NBear.User.csproj", "{DC8E8574-789A-41AD-A67D-8165FE0A9EE4}"
EndProject
Global
	GlobalSection(TestCaseManagementSettings) = postSolution
		CategoryFile = NBearV3.vsmdi
	EndGlobalSection
	GlobalSection(SolutionConfigurationPlatforms) = preSolution
		Debug|Any CPU = Debug|Any CPU
		Release|Any CPU = Release|Any CPU
	EndGlobalSection
	GlobalSection(ProjectConfigurationPlatforms) = postSolution
		{B8F80BEB-93A6-4966-842F-92E38E11082C}.Debug|Any CPU.ActiveCfg = Debug|Any CPU
		{B8F80BEB-93A6-4966-842F-92E38E11082C}.Debug|Any CPU.Build.0 = Debug|Any CPU
		{B8F80BEB-93A6-4966-842F-92E38E11082C}.Release|Any CPU.ActiveCfg = Release|Any CPU
		{B8F80BEB-93A6-4966-842F-92E38E11082C}.Release|Any CPU.Build.0 = Release|Any CPU
		{B71D2A5F-5E7D-4B16-B178-29DF6F7755C1}.Debug|Any CPU.ActiveCfg = Debug|Any CPU
		{B71D2A5F-5E7D-4B16-B178-29DF6F7755C1}.Debug|Any CPU.Build.0 = Debug|Any CPU
		{B71D2A5F-5E7D-4B16-B178-29DF6F7755C1}.Release|Any CPU.ActiveCfg = Release|Any CPU
		{B71D2A5F-5E7D-4B16-B178-29DF6F7755C1}.Release|Any CPU.Build.0 = Release|Any CPU
		{0B6B4550-5F72-4C85-842F-22AD6E2CEA69}.Debug|Any CPU.ActiveCfg = Debug|Any CPU
		{0B6B4550-5F72-4C85-842F-22AD6E2CEA69}.Debug|Any CPU.Build.0 = Debug|Any CPU
		{0B6B4550-5F72-4C85-842F-22AD6E2CEA69}.Release|Any CPU.ActiveCfg = Release|Any CPU
		{0B6B4550-5F72-4C85-842F-22AD6E2CEA69}.Release|Any CPU.Build.0 = Release|Any CPU
		{5E826E27-992C-46C9-830B-3B6A697C859C}.Debug|Any CPU.ActiveCfg = Debug|Any CPU
		{5E826E27-992C-46C9-830B-3B6A697C859C}.Debug|Any CPU.Build.0 = Debug|Any CPU
		{5E826E27-992C-46C9-830B-3B6A697C859C}.Release|Any CPU.ActiveCfg = Release|Any CPU
		{5E826E27-992C-46C9-830B-3B6A697C859C}.Release|Any CPU.Build.0 = Release|Any CPU
		{78E98463-EE12-4797-B9D1-7BDAF9BD215F}.Debug|Any CPU.ActiveCfg = Debug|Any CPU
		{78E98463-EE12-4797-B9D1-7BDAF9BD215F}.Debug|Any CPU.Build.0 = Debug|Any CPU
		{78E98463-EE12-4797-B9D1-7BDAF9BD215F}.Release|Any CPU.ActiveCfg = Release|Any CPU
		{78E98463-EE12-4797-B9D1-7BDAF9BD215F}.Release|Any CPU.Build.0 = Release|Any CPU
		{3B118A89-2F9E-4AA7-8B74-EC641603298A}.Debug|Any CPU.ActiveCfg = Debug|Any CPU
		{3B118A89-2F9E-4AA7-8B74-EC641603298A}.Debug|Any CPU.Build.0 = Debug|Any CPU
		{3B118A89-2F9E-4AA7-8B74-EC641603298A}.Release|Any CPU.ActiveCfg = Release|Any CPU
		{3B118A89-2F9E-4AA7-8B74-EC641603298A}.Release|Any CPU.Build.0 = Release|Any CPU
		{5D1574F6-0CF9-43CD-8A04-D0614125065A}.Debug|Any CPU.ActiveCfg = Debug|Any CPU
		{5D1574F6-0CF9-43CD-8A04-D0614125065A}.Debug|Any CPU.Build.0 = Debug|Any CPU
		{5D1574F6-0CF9-43CD-8A04-D0614125065A}.Release|Any CPU.ActiveCfg = Release|Any CPU
		{5D1574F6-0CF9-43CD-8A04-D0614125065A}.Release|Any CPU.Build.0 = Release|Any CPU
		{7018EC36-D675-48A3-BE1B-31154697E949}.Debug|Any CPU.ActiveCfg = Debug|Any CPU
		{7018EC36-D675-48A3-BE1B-31154697E949}.Debug|Any CPU.Build.0 = Debug|Any CPU
		{7018EC36-D675-48A3-BE1B-31154697E949}.Release|Any CPU.ActiveCfg = Release|Any CPU
		{7018EC36-D675-48A3-BE1B-31154697E949}.Release|Any CPU.Build.0 = Release|Any CPU
		{A377D541-E7BB-46F9-A453-3B68336DF1EA}.Debug|Any CPU.ActiveCfg = Debug|Any CPU
		{A377D541-E7BB-46F9-A453-3B68336DF1EA}.Debug|Any CPU.Build.0 = Debug|Any CPU
		{A377D541-E7BB-46F9-A453-3B68336DF1EA}.Release|Any CPU.ActiveCfg = Release|Any CPU
		{A377D541-E7BB-46F9-A453-3B68336DF1EA}.Release|Any CPU.Build.0 = Release|Any CPU
		{836E1F12-C5B3-43AB-9117-9458A24BC888}.Debug|Any CPU.ActiveCfg = Debug|Any CPU
		{836E1F12-C5B3-43AB-9117-9458A24BC888}.Debug|Any CPU.Build.0 = Debug|Any CPU
		{836E1F12-C5B3-43AB-9117-9458A24BC888}.Release|Any CPU.ActiveCfg = Release|Any CPU
		{836E1F12-C5B3-43AB-9117-9458A24BC888}.Release|Any CPU.Build.0 = Release|Any CPU
		{6E342592-0A2D-42D1-A30F-EDF2A4C46B02}.Debug|Any CPU.ActiveCfg = Debug|Any CPU
		{6E342592-0A2D-42D1-A30F-EDF2A4C46B02}.Debug|Any CPU.Build.0 = Debug|Any CPU
		{6E342592-0A2D-42D1-A30F-EDF2A4C46B02}.Release|Any CPU.ActiveCfg = Release|Any CPU
		{6E342592-0A2D-42D1-A30F-EDF2A4C46B02}.Release|Any CPU.Build.0 = Release|Any CPU
		{BED3FF33-551C-47EE-B711-64CC9B3934B8}.Debug|Any CPU.ActiveCfg = Debug|Any CPU
		{BED3FF33-551C-47EE-B711-64CC9B3934B8}.Debug|Any CPU.Build.0 = Debug|Any CPU
		{BED3FF33-551C-47EE-B711-64CC9B3934B8}.Release|Any CPU.ActiveCfg = Release|Any CPU
		{BED3FF33-551C-47EE-B711-64CC9B3934B8}.Release|Any CPU.Build.0 = Release|Any CPU
		{829C81BF-0868-4DA6-89D4-C9E32AB7C2AA}.Debug|Any CPU.ActiveCfg = Debug|Any CPU
		{829C81BF-0868-4DA6-89D4-C9E32AB7C2AA}.Debug|Any CPU.Build.0 = Debug|Any CPU
		{829C81BF-0868-4DA6-89D4-C9E32AB7C2AA}.Release|Any CPU.ActiveCfg = Release|Any CPU
		{829C81BF-0868-4DA6-89D4-C9E32AB7C2AA}.Release|Any CPU.Build.0 = Release|Any CPU
		{9BBA14BB-CC62-4CDD-8FB8-246CFBCEB5C8}.Debug|Any CPU.ActiveCfg = Debug|Any CPU
		{9BBA14BB-CC62-4CDD-8FB8-246CFBCEB5C8}.Debug|Any CPU.Build.0 = Debug|Any CPU
		{9BBA14BB-CC62-4CDD-8FB8-246CFBCEB5C8}.Release|Any CPU.ActiveCfg = Release|Any CPU
		{9BBA14BB-CC62-4CDD-8FB8-246CFBCEB5C8}.Release|Any CPU.Build.0 = Release|Any CPU
		{4B486A5F-40BA-4D76-8738-0A9114C2EC67}.Debug|Any CPU.ActiveCfg = Debug|Any CPU
		{4B486A5F-40BA-4D76-8738-0A9114C2EC67}.Debug|Any CPU.Build.0 = Debug|Any CPU
		{4B486A5F-40BA-4D76-8738-0A9114C2EC67}.Release|Any CPU.ActiveCfg = Release|Any CPU
		{4B486A5F-40BA-4D76-8738-0A9114C2EC67}.Release|Any CPU.Build.0 = Release|Any CPU
		{83AE9001-F2B0-4744-9E5E-780A8ED18E28}.Debug|Any CPU.ActiveCfg = Debug|Any CPU
		{83AE9001-F2B0-4744-9E5E-780A8ED18E28}.Debug|Any CPU.Build.0 = Debug|Any CPU
		{83AE9001-F2B0-4744-9E5E-780A8ED18E28}.Release|Any CPU.ActiveCfg = Release|Any CPU
		{83AE9001-F2B0-4744-9E5E-780A8ED18E28}.Release|Any CPU.Build.0 = Release|Any CPU
		{B0D8E81B-21BC-444D-B671-A5712EEA9E5A}.Debug|Any CPU.ActiveCfg = Debug|Any CPU
		{B0D8E81B-21BC-444D-B671-A5712EEA9E5A}.Debug|Any CPU.Build.0 = Debug|Any CPU
		{B0D8E81B-21BC-444D-B671-A5712EEA9E5A}.Release|Any CPU.ActiveCfg = Release|Any CPU
		{B0D8E81B-21BC-444D-B671-A5712EEA9E5A}.Release|Any CPU.Build.0 = Release|Any CPU
		{DC8E8574-789A-41AD-A67D-8165FE0A9EE4}.Debug|Any CPU.ActiveCfg = Debug|Any CPU
		{DC8E8574-789A-41AD-A67D-8165FE0A9EE4}.Debug|Any CPU.Build.0 = Debug|Any CPU
		{DC8E8574-789A-41AD-A67D-8165FE0A9EE4}.Release|Any CPU.ActiveCfg = Release|Any CPU
		{DC8E8574-789A-41AD-A67D-8165FE0A9EE4}.Release|Any CPU.Build.0 = Release|Any CPU
	EndGlobalSection
	GlobalSection(SolutionProperties) = preSolution
		HideSolutionNode = FALSE
	EndGlobalSection
	GlobalSection(NestedProjects) = preSolution
		{0B6B4550-5F72-4C85-842F-22AD6E2CEA69} = {6360A141-8756-4D46-83DF-7067E7E42902}
		{4B486A5F-40BA-4D76-8738-0A9114C2EC67} = {6360A141-8756-4D46-83DF-7067E7E42902}
		{B8F80BEB-93A6-4966-842F-92E38E11082C} = {7E567BC8-8C2E-40F9-A065-27EB14B28C61}
		{5E826E27-992C-46C9-830B-3B6A697C859C} = {7E567BC8-8C2E-40F9-A065-27EB14B28C61}
		{B71D2A5F-5E7D-4B16-B178-29DF6F7755C1} = {26ACD87C-5D1D-4D93-9A1F-E58C9DB3E50A}
		{3B118A89-2F9E-4AA7-8B74-EC641603298A} = {0E7215C7-5768-4C6F-B35E-BC50A6BDA692}
		{5D1574F6-0CF9-43CD-8A04-D0614125065A} = {0E7215C7-5768-4C6F-B35E-BC50A6BDA692}
		{7018EC36-D675-48A3-BE1B-31154697E949} = {0E7215C7-5768-4C6F-B35E-BC50A6BDA692}
		{A377D541-E7BB-46F9-A453-3B68336DF1EA} = {0E7215C7-5768-4C6F-B35E-BC50A6BDA692}
		{83AE9001-F2B0-4744-9E5E-780A8ED18E28} = {0E7215C7-5768-4C6F-B35E-BC50A6BDA692}
		{78E98463-EE12-4797-B9D1-7BDAF9BD215F} = {3E321EB3-FB55-4776-8C4F-5B01B212670D}
		{6E342592-0A2D-42D1-A30F-EDF2A4C46B02} = {3E321EB3-FB55-4776-8C4F-5B01B212670D}
		{BED3FF33-551C-47EE-B711-64CC9B3934B8} = {3E321EB3-FB55-4776-8C4F-5B01B212670D}
		{829C81BF-0868-4DA6-89D4-C9E32AB7C2AA} = {3E321EB3-FB55-4776-8C4F-5B01B212670D}
		{9BBA14BB-CC62-4CDD-8FB8-246CFBCEB5C8} = {3E321EB3-FB55-4776-8C4F-5B01B212670D}
		{836E1F12-C5B3-43AB-9117-9458A24BC888} = {84CFDC06-145A-46FB-AB84-66CF403A0B7A}
		{B0D8E81B-21BC-444D-B671-A5712EEA9E5A} = {84CFDC06-145A-46FB-AB84-66CF403A0B7A}
	EndGlobalSection
EndGlobal
